// !$*UTF8*$!
{
	archiveVersion = 1;
	classes = {
	};
	objectVersion = 77;
	objects = {

/* Begin PBXBuildFile section */
		BFF546DF2F687B89003839DB /* Auth in Frameworks */ = {isa = PBXBuildFile; productRef = BFF546DE2F687B89003839DB /* Auth */; };
		BFF546E12F687B89003839DB /* Functions in Frameworks */ = {isa = PBXBuildFile; productRef = BFF546E02F687B89003839DB /* Functions */; };
		BFF546E32F687B89003839DB /* PostgREST in Frameworks */ = {isa = PBXBuildFile; productRef = BFF546E22F687B89003839DB /* PostgREST */; };
		BFF546E52F687B89003839DB /* Realtime in Frameworks */ = {isa = PBXBuildFile; productRef = BFF546E42F687B89003839DB /* Realtime */; };
		BFF546E72F687B89003839DB /* Storage in Frameworks */ = {isa = PBXBuildFile; productRef = BFF546E62F687B89003839DB /* Storage */; };
		BFF546E92F687B89003839DB /* Supabase in Frameworks */ = {isa = PBXBuildFile; productRef = BFF546E82F687B89003839DB /* Supabase */; };
/* End PBXBuildFile section */

/* Begin PBXContainerItemProxy section */
		BFF546C12F687B3E003839DB /* PBXContainerItemProxy */ = {
			isa = PBXContainerItemProxy;
			containerPortal = BFF546AB2F687B3D003839DB /* Project object */;
			proxyType = 1;
			remoteGlobalIDString = BFF546B22F687B3D003839DB;
			remoteInfo = Bapsang;
		};
		BFF546CB2F687B3E003839DB /* PBXContainerItemProxy */ = {
			isa = PBXContainerItemProxy;
			containerPortal = BFF546AB2F687B3D003839DB /* Project object */;
			proxyType = 1;
			remoteGlobalIDString = BFF546B22F687B3D003839DB;
			remoteInfo = Bapsang;
		};
/* End PBXContainerItemProxy section */

/* Begin PBXFileReference section */
		BFF546B32F687B3D003839DB /* Bapsang.app */ = {isa = PBXFileReference; explicitFileType = wrapper.application; includeInIndex = 0; path = Bapsang.app; sourceTree = BUILT_PRODUCTS_DIR; };
		BFF546C02F687B3E003839DB /* BapsangTests.xctest */ = {isa = PBXFileReference; explicitFileType = wrapper.cfbundle; includeInIndex = 0; path = BapsangTests.xctest; sourceTree = BUILT_PRODUCTS_DIR; };
		BFF546CA2F687B3E003839DB /* BapsangUITests.xctest */ = {isa = PBXFileReference; explicitFileType = wrapper.cfbundle; includeInIndex = 0; path = BapsangUITests.xctest; sourceTree = BUILT_PRODUCTS_DIR; };
/* End PBXFileReference section */

/* Begin PBXFileSystemSynchronizedBuildFileExceptionSet section */
		BFF547DF2F687ED3003839DB /* Exceptions for "Bapsang" folder in "Bapsang" target */ = {
			isa = PBXFileSystemSynchronizedBuildFileExceptionSet;
			membershipExceptions = (
				Info.plist,
			);
			target = BFF546B22F687B3D003839DB /* Bapsang */;
		};
/* End PBXFileSystemSynchronizedBuildFileExceptionSet section */

/* Begin PBXFileSystemSynchronizedRootGroup section */
		BFF546B52F687B3D003839DB /* Bapsang */ = {
			isa = PBXFileSystemSynchronizedRootGroup;
			exceptions = (
				BFF547DF2F687ED3003839DB /* Exceptions for "Bapsang" folder in "Bapsang" target */,
			);
			path = Bapsang;
			sourceTree = "<group>";
		};
		BFF546C32F687B3E003839DB /* BapsangTests */ = {
			isa = PBXFileSystemSynchronizedRootGroup;
			path = BapsangTests;
			sourceTree = "<group>";
		};
		BFF546CD2F687B3E003839DB /* BapsangUITests */ = {
			isa = PBXFileSystemSynchronizedRootGroup;
			path = BapsangUITests;
			sourceTree = "<group>";
		};
/* End PBXFileSystemSynchronizedRootGroup section */

/* Begin PBXFrameworksBuildPhase section */
		BFF546B02F687B3D003839DB /* Frameworks */ = {
			isa = PBXFrameworksBuildPhase;
			buildActionMask = 2147483647;
			files = (
				BFF546E32F687B89003839DB /* PostgREST in Frameworks */,
				BFF546E12F687B89003839DB /* Functions in Frameworks */,
				BFF546E92F687B89003839DB /* Supabase in Frameworks */,
				BFF546DF2F687B89003839DB /* Auth in Frameworks */,
				BFF546E72F687B89003839DB /* Storage in Frameworks */,
				BFF546E52F687B89003839DB /* Realtime in Frameworks */,
			);
			runOnlyForDeploymentPostprocessing = 0;
		};
		BFF546BD2F687B3E003839DB /* Frameworks */ = {
			isa = PBXFrameworksBuildPhase;
			buildActionMask = 2147483647;
			files = (
			);
			runOnlyForDeploymentPostprocessing = 0;
		};
		BFF546C72F687B3E003839DB /* Frameworks */ = {
			isa = PBXFrameworksBuildPhase;
			buildActionMask = 2147483647;
			files = (
			);
			runOnlyForDeploymentPostprocessing = 0;
		};
/* End PBXFrameworksBuildPhase section */

/* Begin PBXGroup section */
		BFF546AA2F687B3D003839DB = {
			isa = PBXGroup;
			children = (
				BFF546B52F687B3D003839DB /* Bapsang */,
				BFF546C32F687B3E003839DB /* BapsangTests */,
				BFF546CD2F687B3E003839DB /* BapsangUITests */,
				BFF546B42F687B3D003839DB /* Products */,
			);
			sourceTree = "<group>";
		};
		BFF546B42F687B3D003839DB /* Products */ = {
			isa = PBXGroup;
			children = (
				BFF546B32F687B3D003839DB /* Bapsang.app */,
				BFF546C02F687B3E003839DB /* BapsangTests.xctest */,
				BFF546CA2F687B3E003839DB /* BapsangUITests.xctest */,
			);
			name = Products;
			sourceTree = "<group>";
		};
/* End PBXGroup section */

/* Begin PBXNativeTarget section */
		BFF546B22F687B3D003839DB /* Bapsang */ = {
			isa = PBXNativeTarget;
			buildConfigurationList = BFF546D42F687B3E003839DB /* Build configuration list for PBXNativeTarget "Bapsang" */;
			buildPhases = (
				BFF546AF2F687B3D003839DB /* Sources */,
				BFF546B02F687B3D003839DB /* Frameworks */,
				BFF546B12F687B3D003839DB /* Resources */,
			);
			buildRules = (
			);
			dependencies = (
			);
			fileSystemSynchronizedGroups = (
				BFF546B52F687B3D003839DB /* Bapsang */,
			);
			name = Bapsang;
			packageProductDependencies = (
				BFF546DE2F687B89003839DB /* Auth */,
				BFF546E02F687B89003839DB /* Functions */,
				BFF546E22F687B89003839DB /* PostgREST */,
				BFF546E42F687B89003839DB /* Realtime */,
				BFF546E62F687B89003839DB /* Storage */,
				BFF546E82F687B89003839DB /* Supabase */,
			);
			productName = Bapsang;
			productReference = BFF546B32F687B3D003839DB /* Bapsang.app */;
			productType = "com.apple.product-type.application";
		};
		BFF546BF2F687B3E003839DB /* BapsangTests */ = {
			isa = PBXNativeTarget;
			buildConfigurationList = BFF546D72F687B3E003839DB /* Build configuration list for PBXNativeTarget "BapsangTests" */;
			buildPhases = (
				BFF546BC2F687B3E003839DB /* Sources */,
				BFF546BD2F687B3E003839DB /* Frameworks */,
				BFF546BE2F687B3E003839DB /* Resources */,
			);
			buildRules = (
			);
			dependencies = (
				BFF546C22F687B3E003839DB /* PBXTargetDependency */,
			);
			fileSystemSynchronizedGroups = (
				BFF546C32F687B3E003839DB /* BapsangTests */,
			);
			name = BapsangTests;
			packageProductDependencies = (
			);
			productName = BapsangTests;
			productReference = BFF546C02F687B3E003839DB /* BapsangTests.xctest */;
			productType = "com.apple.product-type.bundle.unit-test";
		};
		BFF546C92F687B3E003839DB /* BapsangUITests */ = {
			isa = PBXNativeTarget;
			buildConfigurationList = BFF546DA2F687B3E003839DB /* Build configuration list for PBXNativeTarget "BapsangUITests" */;
			buildPhases = (
				BFF546C62F687B3E003839DB /* Sources */,
				BFF546C72F687B3E003839DB /* Frameworks */,
				BFF546C82F687B3E003839DB /* Resources */,
			);
			buildRules = (
			);
			dependencies = (
				BFF546CC2F687B3E003839DB /* PBXTargetDependency */,
			);
			fileSystemSynchronizedGroups = (
				BFF546CD2F687B3E003839DB /* BapsangUITests */,
			);
			name = BapsangUITests;
			packageProductDependencies = (
			);
			productName = BapsangUITests;
			productReference = BFF546CA2F687B3E003839DB /* BapsangUITests.xctest */;
			productType = "com.apple.product-type.bundle.ui-testing";
		};
/* End PBXNativeTarget section */

/* Begin PBXProject section */
		BFF546AB2F687B3D003839DB /* Project object */ = {
			isa = PBXProject;
			attributes = {
				BuildIndependentTargetsInParallel = 1;
				LastSwiftUpdateCheck = 2620;
				LastUpgradeCheck = 2620;
				TargetAttributes = {
					BFF546B22F687B3D003839DB = {
						CreatedOnToolsVersion = 26.2;
					};
					BFF546BF2F687B3E003839DB = {
						CreatedOnToolsVersion = 26.2;
						TestTargetID = BFF546B22F687B3D003839DB;
					};
					BFF546C92F687B3E003839DB = {
						CreatedOnToolsVersion = 26.2;
						TestTargetID = BFF546B22F687B3D003839DB;
					};
				};
			};
			buildConfigurationList = BFF546AE2F687B3D003839DB /* Build configuration list for PBXProject "Bapsang" */;
			developmentRegion = en;
			hasScannedForEncodings = 0;
			knownRegions = (
				en,
				Base,
			);
			mainGroup = BFF546AA2F687B3D003839DB;
			minimizedProjectReferenceProxies = 1;
			packageReferences = (
				BFF546DD2F687B89003839DB /* XCRemoteSwiftPackageReference "supabase-swift" */,
			);
			preferredProjectObjectVersion = 77;
			productRefGroup = BFF546B42F687B3D003839DB /* Products */;
			projectDirPath = "";
			projectRoot = "";
			targets = (
				BFF546B22F687B3D003839DB /* Bapsang */,
				BFF546BF2F687B3E003839DB /* BapsangTests */,
				BFF546C92F687B3E003839DB /* BapsangUITests */,
			);
		};
/* End PBXProject section */

/* Begin PBXResourcesBuildPhase section */
		BFF546B12F687B3D003839DB /* Resources */ = {
			isa = PBXResourcesBuildPhase;
			buildActionMask = 2147483647;
			files = (
			);
			runOnlyForDeploymentPostprocessing = 0;
		};
		BFF546BE2F687B3E003839DB /* Resources */ = {
			isa = PBXResourcesBuildPhase;
			buildActionMask = 2147483647;
			files = (
			);
			runOnlyForDeploymentPostprocessing = 0;
		};
		BFF546C82F687B3E003839DB /* Resources */ = {
			isa = PBXResourcesBuildPhase;
			buildActionMask = 2147483647;
			files = (
			);
			runOnlyForDeploymentPostprocessing = 0;
		};
/* End PBXResourcesBuildPhase section */

/* Begin PBXSourcesBuildPhase section */
		BFF546AF2F687B3D003839DB /* Sources */ = {
			isa = PBXSourcesBuildPhase;
			buildActionMask = 2147483647;
			files = (
			);
			runOnlyForDeploymentPostprocessing = 0;
		};
		BFF546BC2F687B3E003839DB /* Sources */ = {
			isa = PBXSourcesBuildPhase;
			buildActionMask = 2147483647;
			files = (
			);
			runOnlyForDeploymentPostprocessing = 0;
		};
		BFF546C62F687B3E003839DB /* Sources */ = {
			isa = PBXSourcesBuildPhase;
			buildActionMask = 2147483647;
			files = (
			);
			runOnlyForDeploymentPostprocessing = 0;
		};
/* End PBXSourcesBuildPhase section */

/* Begin PBXTargetDependency section */
		BFF546C22F687B3E003839DB /* PBXTargetDependency */ = {
			isa = PBXTargetDependency;
			target = BFF546B22F687B3D003839DB /* Bapsang */;
			targetProxy = BFF546C12F687B3E003839DB /* PBXContainerItemProxy */;
		};
		BFF546CC2F687B3E003839DB /* PBXTargetDependency */ = {
			isa = PBXTargetDependency;
			target = BFF546B22F687B3D003839DB /* Bapsang */;
			targetProxy = BFF546CB2F687B3E003839DB /* PBXContainerItemProxy */;
		};
/* End PBXTargetDependency section */

/* Begin XCBuildConfiguration section */
		BFF546D22F687B3E003839DB /* Debug */ = {
			isa = XCBuildConfiguration;
			buildSettings = {
				ALWAYS_SEARCH_USER_PATHS = NO;
				ASSETCATALOG_COMPILER_GENERATE_SWIFT_ASSET_SYMBOL_EXTENSIONS = YES;
				CLANG_ANALYZER_NONNULL = YES;
				CLANG_ANALYZER_NUMBER_OBJECT_CONVERSION = YES_AGGRESSIVE;
				CLANG_CXX_LANGUAGE_STANDARD = "gnu++20";
				CLANG_ENABLE_MODULES = YES;
				CLANG_ENABLE_OBJC_ARC = YES;
				CLANG_ENABLE_OBJC_WEAK = YES;
				CLANG_WARN_BLOCK_CAPTURE_AUTORELEASING = YES;
				CLANG_WARN_BOOL_CONVERSION = YES;
				CLANG_WARN_COMMA = YES;
				CLANG_WARN_CONSTANT_CONVERSION = YES;
				CLANG_WARN_DEPRECATED_OBJC_IMPLEMENTATIONS = YES;
				CLANG_WARN_DIRECT_OBJC_ISA_USAGE = YES_ERROR;
				CLANG_WARN_DOCUMENTATION_COMMENTS = YES;
				CLANG_WARN_EMPTY_BODY = YES;
				CLANG_WARN_ENUM_CONVERSION = YES;
				CLANG_WARN_INFINITE_RECURSION = YES;
				CLANG_WARN_INT_CONVERSION = YES;
				CLANG_WARN_NON_LITERAL_NULL_CONVERSION = YES;
				CLANG_WARN_OBJC_IMPLICIT_RETAIN_SELF = YES;
				CLANG_WARN_OBJC_LITERAL_CONVERSION = YES;
				CLANG_WARN_OBJC_ROOT_CLASS = YES_ERROR;
				CLANG_WARN_QUOTED_INCLUDE_IN_FRAMEWORK_HEADER = YES;
				CLANG_WARN_RANGE_LOOP_ANALYSIS = YES;
				CLANG_WARN_STRICT_PROTOTYPES = YES;
				CLANG_WARN_SUSPICIOUS_MOVE = YES;
				CLANG_WARN_UNGUARDED_AVAILABILITY = YES_AGGRESSIVE;
				CLANG_WARN_UNREACHABLE_CODE = YES;
				CLANG_WARN__DUPLICATE_METHOD_MATCH = YES;
				COPY_PHASE_STRIP = NO;
				DEBUG_INFORMATION_FORMAT = dwarf;
				DEVELOPMENT_TEAM = 4QKAJX523X;
				ENABLE_STRICT_OBJC_MSGSEND = YES;
				ENABLE_TESTABILITY = YES;
				ENABLE_USER_SCRIPT_SANDBOXING = YES;
				GCC_C_LANGUAGE_STANDARD = gnu17;
				GCC_DYNAMIC_NO_PIC = NO;
				GCC_NO_COMMON_BLOCKS = YES;
				GCC_OPTIMIZATION_LEVEL = 0;
				GCC_PREPROCESSOR_DEFINITIONS = (
					"DEBUG=1",
					"$(inherited)",
				);
				GCC_WARN_64_TO_32_BIT_CONVERSION = YES;
				GCC_WARN_ABOUT_RETURN_TYPE = YES_ERROR;
				GCC_WARN_UNDECLARED_SELECTOR = YES;
				GCC_WARN_UNINITIALIZED_AUTOS = YES_AGGRESSIVE;
				GCC_WARN_UNUSED_FUNCTION = YES;
				GCC_WARN_UNUSED_VARIABLE = YES;
				IPHONEOS_DEPLOYMENT_TARGET = 26.2;
				LOCALIZATION_PREFERS_STRING_CATALOGS = YES;
				MTL_ENABLE_DEBUG_INFO = INCLUDE_SOURCE;
				MTL_FAST_MATH = YES;
				ONLY_ACTIVE_ARCH = YES;
				SDKROOT = iphoneos;
				SWIFT_ACTIVE_COMPILATION_CONDITIONS = "DEBUG $(inherited)";
				SWIFT_OPTIMIZATION_LEVEL = "-Onone";
			};
			name = Debug;
		};
		BFF546D32F687B3E003839DB /* Release */ = {
			isa = XCBuildConfiguration;
			buildSettings = {
				ALWAYS_SEARCH_USER_PATHS = NO;
				ASSETCATALOG_COMPILER_GENERATE_SWIFT_ASSET_SYMBOL_EXTENSIONS = YES;
				CLANG_ANALYZER_NONNULL = YES;
				CLANG_ANALYZER_NUMBER_OBJECT_CONVERSION = YES_AGGRESSIVE;
				CLANG_CXX_LANGUAGE_STANDARD = "gnu++20";
				CLANG_ENABLE_MODULES = YES;
				CLANG_ENABLE_OBJC_ARC = YES;
				CLANG_ENABLE_OBJC_WEAK = YES;
				CLANG_WARN_BLOCK_CAPTURE_AUTORELEASING = YES;
				CLANG_WARN_BOOL_CONVERSION = YES;
				CLANG_WARN_COMMA = YES;
				CLANG_WARN_CONSTANT_CONVERSION = YES;
				CLANG_WARN_DEPRECATED_OBJC_IMPLEMENTATIONS = YES;
				CLANG_WARN_DIRECT_OBJC_ISA_USAGE = YES_ERROR;
				CLANG_WARN_DOCUMENTATION_COMMENTS = YES;
				CLANG_WARN_EMPTY_BODY = YES;
				CLANG_WARN_ENUM_CONVERSION = YES;
				CLANG_WARN_INFINITE_RECURSION = YES;
				CLANG_WARN_INT_CONVERSION = YES;
				CLANG_WARN_NON_LITERAL_NULL_CONVERSION = YES;
				CLANG_WARN_OBJC_IMPLICIT_RETAIN_SELF = YES;
				CLANG_WARN_OBJC_LITERAL_CONVERSION = YES;
				CLANG_WARN_OBJC_ROOT_CLASS = YES_ERROR;
				CLANG_WARN_QUOTED_INCLUDE_IN_FRAMEWORK_HEADER = YES;
				CLANG_WARN_RANGE_LOOP_ANALYSIS = YES;
				CLANG_WARN_STRICT_PROTOTYPES = YES;
				CLANG_WARN_SUSPICIOUS_MOVE = YES;
				CLANG_WARN_UNGUARDED_AVAILABILITY = YES_AGGRESSIVE;
				CLANG_WARN_UNREACHABLE_CODE = YES;
				CLANG_WARN__DUPLICATE_METHOD_MATCH = YES;
				COPY_PHASE_STRIP = NO;
				DEBUG_INFORMATION_FORMAT = "dwarf-with-dsym";
				DEVELOPMENT_TEAM = 4QKAJX523X;
				ENABLE_NS_ASSERTIONS = NO;
				ENABLE_STRICT_OBJC_MSGSEND = YES;
				ENABLE_USER_SCRIPT_SANDBOXING = YES;
				GCC_C_LANGUAGE_STANDARD = gnu17;
				GCC_NO_COMMON_BLOCKS = YES;
				GCC_WARN_64_TO_32_BIT_CONVERSION = YES;
				GCC_WARN_ABOUT_RETURN_TYPE = YES_ERROR;
				GCC_WARN_UNDECLARED_SELECTOR = YES;
				GCC_WARN_UNINITIALIZED_AUTOS = YES_AGGRESSIVE;
				GCC_WARN_UNUSED_FUNCTION = YES;
				GCC_WARN_UNUSED_VARIABLE = YES;
				IPHONEOS_DEPLOYMENT_TARGET = 26.2;
				LOCALIZATION_PREFERS_STRING_CATALOGS = YES;
				MTL_ENABLE_DEBUG_INFO = NO;
				MTL_FAST_MATH = YES;
				SDKROOT = iphoneos;
				SWIFT_COMPILATION_MODE = wholemodule;
				VALIDATE_PRODUCT = YES;
			};
			name = Release;
		};
		BFF546D52F687B3E003839DB /* Debug */ = {
			isa = XCBuildConfiguration;
			baseConfigurationReferenceAnchor = BFF546B52F687B3D003839DB /* Bapsang */;
			baseConfigurationReferenceRelativePath = Release.xcconfig;
			buildSettings = {
				ASSETCATALOG_COMPILER_APPICON_NAME = AppIcon;
				ASSETCATALOG_COMPILER_GLOBAL_ACCENT_COLOR_NAME = AccentColor;
				CODE_SIGN_ENTITLEMENTS = Bapsang/Bapsang.entitlements;
				CODE_SIGN_STYLE = Automatic;
				CURRENT_PROJECT_VERSION = 1;
				DEVELOPMENT_TEAM = 4QKAJX523X;
				ENABLE_PREVIEWS = YES;
				GENERATE_INFOPLIST_FILE = YES;
				INFOPLIST_FILE = Bapsang/Info.plist;
				INFOPLIST_KEY_UIApplicationSceneManifest_Generation = YES;
				INFOPLIST_KEY_UIApplicationSupportsIndirectInputEvents = YES;
				INFOPLIST_KEY_UILaunchScreen_Generation = YES;
				INFOPLIST_KEY_UISupportedInterfaceOrientations_iPad = "UIInterfaceOrientationPortrait UIInterfaceOrientationPortraitUpsideDown UIInterfaceOrientationLandscapeLeft UIInterfaceOrientationLandscapeRight";
				INFOPLIST_KEY_UISupportedInterfaceOrientations_iPhone = "UIInterfaceOrientationPortrait UIInterfaceOrientationLandscapeLeft UIInterfaceOrientationLandscapeRight";
				LD_RUNPATH_SEARCH_PATHS = (
					"$(inherited)",
					"@executable_path/Frameworks",
				);
				MARKETING_VERSION = 1.0;
				PRODUCT_BUNDLE_IDENTIFIER = com.jun.Bapsang;
				PRODUCT_NAME = "$(TARGET_NAME)";
				STRING_CATALOG_GENERATE_SYMBOLS = YES;
				SWIFT_APPROACHABLE_CONCURRENCY = YES;
				SWIFT_DEFAULT_ACTOR_ISOLATION = MainActor;
				SWIFT_EMIT_LOC_STRINGS = YES;
				SWIFT_UPCOMING_FEATURE_MEMBER_IMPORT_VISIBILITY = YES;
				SWIFT_VERSION = 5.0;
				TARGETED_DEVICE_FAMILY = "1,2";
			};
			name = Debug;
		};
		BFF546D62F687B3E003839DB /* Release */ = {
			isa = XCBuildConfiguration;
			baseConfigurationReferenceAnchor = BFF546B52F687B3D003839DB /* Bapsang */;
			baseConfigurationReferenceRelativePath = Release.xcconfig;
			buildSettings = {
				ASSETCATALOG_COMPILER_APPICON_NAME = AppIcon;
				ASSETCATALOG_COMPILER_GLOBAL_ACCENT_COLOR_NAME = AccentColor;
				CODE_SIGN_ENTITLEMENTS = Bapsang/Bapsang.entitlements;
				CODE_SIGN_STYLE = Automatic;
				CURRENT_PROJECT_VERSION = 1;
				DEVELOPMENT_TEAM = 4QKAJX523X;
				ENABLE_PREVIEWS = YES;
				GENERATE_INFOPLIST_FILE = YES;
				INFOPLIST_FILE = Bapsang/Info.plist;
				INFOPLIST_KEY_UIApplicationSceneManifest_Generation = YES;
				INFOPLIST_KEY_UIApplicationSupportsIndirectInputEvents = YES;
				INFOPLIST_KEY_UILaunchScreen_Generation = YES;
				INFOPLIST_KEY_UISupportedInterfaceOrientations_iPad = "UIInterfaceOrientationPortrait UIInterfaceOrientationPortraitUpsideDown UIInterfaceOrientationLandscapeLeft UIInterfaceOrientationLandscapeRight";
				INFOPLIST_KEY_UISupportedInterfaceOrientations_iPhone = "UIInterfaceOrientationPortrait UIInterfaceOrientationLandscapeLeft UIInterfaceOrientationLandscapeRight";
				LD_RUNPATH_SEARCH_PATHS = (
					"$(inherited)",
					"@executable_path/Frameworks",
				);
				MARKETING_VERSION = 1.0;
				PRODUCT_BUNDLE_IDENTIFIER = com.jun.Bapsang;
				PRODUCT_NAME = "$(TARGET_NAME)";
				STRING_CATALOG_GENERATE_SYMBOLS = YES;
				SWIFT_APPROACHABLE_CONCURRENCY = YES;
				SWIFT_DEFAULT_ACTOR_ISOLATION = MainActor;
				SWIFT_EMIT_LOC_STRINGS = YES;
				SWIFT_UPCOMING_FEATURE_MEMBER_IMPORT_VISIBILITY = YES;
				SWIFT_VERSION = 5.0;
				TARGETED_DEVICE_FAMILY = "1,2";
			};
			name = Release;
		};
		BFF546D82F687B3E003839DB /* Debug */ = {
			isa = XCBuildConfiguration;
			buildSettings = {
				BUNDLE_LOADER = "$(TEST_HOST)";
				CODE_SIGN_STYLE = Automatic;
				CURRENT_PROJECT_VERSION = 1;
				DEVELOPMENT_TEAM = 4QKAJX523X;
				GENERATE_INFOPLIST_FILE = YES;
				IPHONEOS_DEPLOYMENT_TARGET = 26.2;
				MARKETING_VERSION = 1.0;
				PRODUCT_BUNDLE_IDENTIFIER = com.jun.BapsangTests;
				PRODUCT_NAME = "$(TARGET_NAME)";
				STRING_CATALOG_GENERATE_SYMBOLS = NO;
				SWIFT_APPROACHABLE_CONCURRENCY = YES;
				SWIFT_EMIT_LOC_STRINGS = NO;
				SWIFT_UPCOMING_FEATURE_MEMBER_IMPORT_VISIBILITY = YES;
				SWIFT_VERSION = 5.0;
				TARGETED_DEVICE_FAMILY = "1,2";
				TEST_HOST = "$(BUILT_PRODUCTS_DIR)/Bapsang.app/$(BUNDLE_EXECUTABLE_FOLDER_PATH)/Bapsang";
			};
			name = Debug;
		};
		BFF546D92F687B3E003839DB /* Release */ = {
			isa = XCBuildConfiguration;
			buildSettings = {
				BUNDLE_LOADER = "$(TEST_HOST)";
				CODE_SIGN_STYLE = Automatic;
				CURRENT_PROJECT_VERSION = 1;
				DEVELOPMENT_TEAM = 4QKAJX523X;
				GENERATE_INFOPLIST_FILE = YES;
				IPHONEOS_DEPLOYMENT_TARGET = 26.2;
				MARKETING_VERSION = 1.0;
				PRODUCT_BUNDLE_IDENTIFIER = com.jun.BapsangTests;
				PRODUCT_NAME = "$(TARGET_NAME)";
				STRING_CATALOG_GENERATE_SYMBOLS = NO;
				SWIFT_APPROACHABLE_CONCURRENCY = YES;
				SWIFT_EMIT_LOC_STRINGS = NO;
				SWIFT_UPCOMING_FEATURE_MEMBER_IMPORT_VISIBILITY = YES;
				SWIFT_VERSION = 5.0;
				TARGETED_DEVICE_FAMILY = "1,2";
				TEST_HOST = "$(BUILT_PRODUCTS_DIR)/Bapsang.app/$(BUNDLE_EXECUTABLE_FOLDER_PATH)/Bapsang";
			};
			name = Release;
		};
		BFF546DB2F687B3E003839DB /* Debug */ = {
			isa = XCBuildConfiguration;
			buildSettings = {
				CODE_SIGN_STYLE = Automatic;
				CURRENT_PROJECT_VERSION = 1;
				DEVELOPMENT_TEAM = 4QKAJX523X;
				GENERATE_INFOPLIST_FILE = YES;
				MARKETING_VERSION = 1.0;
				PRODUCT_BUNDLE_IDENTIFIER = com.jun.BapsangUITests;
				PRODUCT_NAME = "$(TARGET_NAME)";
				STRING_CATALOG_GENERATE_SYMBOLS = NO;
				SWIFT_APPROACHABLE_CONCURRENCY = YES;
				SWIFT_EMIT_LOC_STRINGS = NO;
				SWIFT_UPCOMING_FEATURE_MEMBER_IMPORT_VISIBILITY = YES;
				SWIFT_VERSION = 5.0;
				TARGETED_DEVICE_FAMILY = "1,2";
				TEST_TARGET_NAME = Bapsang;
			};
			name = Debug;
		};
		BFF546DC2F687B3E003839DB /* Release */ = {
			isa = XCBuildConfiguration;
			buildSettings = {
				CODE_SIGN_STYLE = Automatic;
				CURRENT_PROJECT_VERSION = 1;
				DEVELOPMENT_TEAM = 4QKAJX523X;
				GENERATE_INFOPLIST_FILE = YES;
				MARKETING_VERSION = 1.0;
				PRODUCT_BUNDLE_IDENTIFIER = com.jun.BapsangUITests;
				PRODUCT_NAME = "$(TARGET_NAME)";
				STRING_CATALOG_GENERATE_SYMBOLS = NO;
				SWIFT_APPROACHABLE_CONCURRENCY = YES;
				SWIFT_EMIT_LOC_STRINGS = NO;
				SWIFT_UPCOMING_FEATURE_MEMBER_IMPORT_VISIBILITY = YES;
				SWIFT_VERSION = 5.0;
				TARGETED_DEVICE_FAMILY = "1,2";
				TEST_TARGET_NAME = Bapsang;
			};
			name = Release;
		};
/* End XCBuildConfiguration section */

/* Begin XCConfigurationList section */
		BFF546AE2F687B3D003839DB /* Build configuration list for PBXProject "Bapsang" */ = {
			isa = XCConfigurationList;
			buildConfigurations = (
				BFF546D22F687B3E003839DB /* Debug */,
				BFF546D32F687B3E003839DB /* Release */,
			);
			defaultConfigurationIsVisible = 0;
			defaultConfigurationName = Release;
		};
		BFF546D42F687B3E003839DB /* Build configuration list for PBXNativeTarget "Bapsang" */ = {
			isa = XCConfigurationList;
			buildConfigurations = (
				BFF546D52F687B3E003839DB /* Debug */,
				BFF546D62F687B3E003839DB /* Release */,
			);
			defaultConfigurationIsVisible = 0;
			defaultConfigurationName = Release;
		};
		BFF546D72F687B3E003839DB /* Build configuration list for PBXNativeTarget "BapsangTests" */ = {
			isa = XCConfigurationList;
			buildConfigurations = (
				BFF546D82F687B3E003839DB /* Debug */,
				BFF546D92F687B3E003839DB /* Release */,
			);
			defaultConfigurationIsVisible = 0;
			defaultConfigurationName = Release;
		};
		BFF546DA2F687B3E003839DB /* Build configuration list for PBXNativeTarget "BapsangUITests" */ = {
			isa = XCConfigurationList;
			buildConfigurations = (
				BFF546DB2F687B3E003839DB /* Debug */,
				BFF546DC2F687B3E003839DB /* Release */,
			);
			defaultConfigurationIsVisible = 0;
			defaultConfigurationName = Release;
		};
/* End XCConfigurationList section */

/* Begin XCRemoteSwiftPackageReference section */
		BFF546DD2F687B89003839DB /* XCRemoteSwiftPackageReference "supabase-swift" */ = {
			isa = XCRemoteSwiftPackageReference;
			repositoryURL = "https://github.com/supabase/supabase-swift";
			requirement = {
				kind = upToNextMajorVersion;
				minimumVersion = 2.5.1;
			};
		};
/* End XCRemoteSwiftPackageReference section */

/* Begin XCSwiftPackageProductDependency section */
		BFF546DE2F687B89003839DB /* Auth */ = {
			isa = XCSwiftPackageProductDependency;
			package = BFF546DD2F687B89003839DB /* XCRemoteSwiftPackageReference "supabase-swift" */;
			productName = Auth;
		};
		BFF546E02F687B89003839DB /* Functions */ = {
			isa = XCSwiftPackageProductDependency;
			package = BFF546DD2F687B89003839DB /* XCRemoteSwiftPackageReference "supabase-swift" */;
			productName = Functions;
		};
		BFF546E22F687B89003839DB /* PostgREST */ = {
			isa = XCSwiftPackageProductDependency;
			package = BFF546DD2F687B89003839DB /* XCRemoteSwiftPackageReference "supabase-swift" */;
			productName = PostgREST;
		};
		BFF546E42F687B89003839DB /* Realtime */ = {
			isa = XCSwiftPackageProductDependency;
			package = BFF546DD2F687B89003839DB /* XCRemoteSwiftPackageReference "supabase-swift" */;
			productName = Realtime;
		};
		BFF546E62F687B89003839DB /* Storage */ = {
			isa = XCSwiftPackageProductDependency;
			package = BFF546DD2F687B89003839DB /* XCRemoteSwiftPackageReference "supabase-swift" */;
			productName = Storage;
		};
		BFF546E82F687B89003839DB /* Supabase */ = {
			isa = XCSwiftPackageProductDependency;
			package = BFF546DD2F687B89003839DB /* XCRemoteSwiftPackageReference "supabase-swift" */;
			productName = Supabase;
		};
/* End XCSwiftPackageProductDependency section */
	};
	rootObject = BFF546AB2F687B3D003839DB /* Project object */;
}
